
Microsoft Visual Studio Solution File, Format Version 12.00
# Visual Studio Version 16
VisualStudioVersion = 16.0.30104.148
MinimumVisualStudioVersion = 10.0.40219.1
Project("{9A19103F-16F7-4668-BE54-9A1E7A4F7556}") = "Basil.Behaviors", "Basil.Behaviors\Basil.Behaviors.csproj", "{187EC121-A378-4A6F-A7FD-CE30405EDD30}"
EndProject
Project("{2150E333-8FDC-42A3-9474-1A3956D46DE8}") = "src", "src", "{AD24D758-86F9-42AF-A17D-66C80C068748}"
EndProject
Global
	GlobalSection(SolutionConfigurationPlatforms) = preSolution
		Debug|Any CPU = Debug|Any CPU
		Release|Any CPU = Release|Any CPU
	EndGlobalSection
	GlobalSection(ProjectConfigurationPlatforms) = postSolution
		{187EC121-A378-4A6F-A7FD-CE30405EDD30}.Debug|Any CPU.ActiveCfg = Debug|Any CPU
		{187EC121-A378-4A6F-A7FD-CE30405EDD30}.Debug|Any CPU.Build.0 = Debug|Any CPU
		{187EC121-A378-4A6F-A7FD-CE30405EDD30}.Release|Any CPU.ActiveCfg = Release|Any CPU
		{187EC121-A378-4A6F-A7FD-CE30405EDD30}.Release|Any CPU.Build.0 = Release|Any CPU
	EndGlobalSection
	GlobalSection(SolutionProperties) = preSolution
		HideSolutionNode = FALSE
	EndGlobalSection
	GlobalSection(NestedProjects) = preSolution
		{187EC121-A378-4A6F-A7FD-CE30405EDD30} = {AD24D758-86F9-42AF-A17D-66C80C068748}
	EndGlobalSection
	GlobalSection(ExtensibilityGlobals) = postSolution
		SolutionGuid = {0EC46A5D-2B5D-4EB1-BE0B-C9D9199B5799}
	EndGlobalSection
EndGlobal
